
Microsoft Visual Studio Solution File, Format Version 12.00
# Visual Studio Version 17
VisualStudioVersion = 17.0.31903.59
MinimumVisualStudioVersion = 10.0.40219.1
Project("{F2A71F9B-5D33-465A-A702-920D77279786}") = "Spiral.Trading", "Spiral.Trading\Spiral.Trading.fsproj", "{F3C61718-A2B7-4115-8053-9AB0E3288AFB}"
EndProject
Project("{F2A71F9B-5D33-465A-A702-920D77279786}") = "Spiral.Trading.Console", "Spiral.Trading.Console\Spiral.Trading.Console.fsproj", "{7475BD3C-C224-4AB0-8CA8-6E4AC819017E}"
EndProject
Project("{F2A71F9B-5D33-465A-A702-920D77279786}") = "Spiral.Trading.Simulation", "Spiral.Trading.Simulation\Spiral.Trading.Simulation.fsproj", "{A6143F0F-D66A-4E8F-A936-30B518B462B2}"
EndProject
Global
	GlobalSection(SolutionConfigurationPlatforms) = preSolution
		Debug|Any CPU = Debug|Any CPU
		Release|Any CPU = Release|Any CPU
	EndGlobalSection
	GlobalSection(SolutionProperties) = preSolution
		HideSolutionNode = FALSE
	EndGlobalSection
	GlobalSection(ProjectConfigurationPlatforms) = postSolution
		{F3C61718-A2B7-4115-8053-9AB0E3288AFB}.Debug|Any CPU.ActiveCfg = Debug|Any CPU
		{F3C61718-A2B7-4115-8053-9AB0E3288AFB}.Debug|Any CPU.Build.0 = Debug|Any CPU
		{F3C61718-A2B7-4115-8053-9AB0E3288AFB}.Release|Any CPU.ActiveCfg = Release|Any CPU
		{F3C61718-A2B7-4115-8053-9AB0E3288AFB}.Release|Any CPU.Build.0 = Release|Any CPU
		{7475BD3C-C224-4AB0-8CA8-6E4AC819017E}.Debug|Any CPU.ActiveCfg = Debug|Any CPU
		{7475BD3C-C224-4AB0-8CA8-6E4AC819017E}.Debug|Any CPU.Build.0 = Debug|Any CPU
		{7475BD3C-C224-4AB0-8CA8-6E4AC819017E}.Release|Any CPU.ActiveCfg = Release|Any CPU
		{7475BD3C-C224-4AB0-8CA8-6E4AC819017E}.Release|Any CPU.Build.0 = Release|Any CPU
		{A6143F0F-D66A-4E8F-A936-30B518B462B2}.Debug|Any CPU.ActiveCfg = Debug|Any CPU
		{A6143F0F-D66A-4E8F-A936-30B518B462B2}.Debug|Any CPU.Build.0 = Debug|Any CPU
		{A6143F0F-D66A-4E8F-A936-30B518B462B2}.Release|Any CPU.ActiveCfg = Release|Any CPU
		{A6143F0F-D66A-4E8F-A936-30B518B462B2}.Release|Any CPU.Build.0 = Release|Any CPU
	EndGlobalSection
EndGlobal
